
Microsoft Visual Studio Solution File, Format Version 12.00
# Visual Studio 15
VisualStudioVersion = 15.0.28307.489
MinimumVisualStudioVersion = 10.0.40219.1
Project("{FAE04EC0-301F-11D3-BF4B-00C04F79EFBC}") = "Delivery", "Delivery\Delivery.csproj", "{0E63A15D-BD89-409A-9E7F-024CD5FB3077}"
EndProject
Global
	GlobalSection(SolutionConfigurationPlatforms) = preSolution
		Debug|Any CPU = Debug|Any CPU
		Release|Any CPU = Release|Any CPU
	EndGlobalSection
	GlobalSection(ProjectConfigurationPlatforms) = postSolution
		{0E63A15D-BD89-409A-9E7F-024CD5FB3077}.Debug|Any CPU.ActiveCfg = Debug|Any CPU
		{0E63A15D-BD89-409A-9E7F-024CD5FB3077}.Debug|Any CPU.Build.0 = Debug|Any CPU
		{0E63A15D-BD89-409A-9E7F-024CD5FB3077}.Release|Any CPU.ActiveCfg = Release|Any CPU
		{0E63A15D-BD89-409A-9E7F-024CD5FB3077}.Release|Any CPU.Build.0 = Release|Any CPU
	EndGlobalSection
	GlobalSection(SolutionProperties) = preSolution
		HideSolutionNode = FALSE
	EndGlobalSection
	GlobalSection(ExtensibilityGlobals) = postSolution
		SolutionGuid = {C8AC4C5F-9DE6-4A57-8EFB-7362C5906110}
	EndGlobalSection
EndGlobal
